{
  "version": 4,
  "terraform_version": "1.15.5",
  "serial": 137,
  "lineage": "2eeb8fc1-6a1c-6bb5-12f8-e6e226bed464",
  "outputs": {
    "availability_zone": {
      "value": "ca-central-1d",
      "type": "string"
    },
    "fortigate_url": {
      "value": "https://15.175.115.8",
      "type": "string"
    },
    "fortigate_username": {
      "value": "admin",
      "type": "string"
    },
    "initial_password": {
      "value": "i-0d7aeac964c681d06",
      "type": "string"
    },
    "selected_ami": {
      "value": {
        "id": "ami-0fb6bf31908199e50",
        "name": "FortiGate-VM64-AWSONDEMAND build3704 (7.6.7) GA-3124a694-441c-4ff1-8bf7-4d153be424a6"
      },
      "type": [
        "object",
        {
          "id": "string",
          "name": "string"
        }
      ]
    },
    "selected_windows_ami": {
      "value": {
        "id": "ami-0063473985e3644ec",
        "name": "Windows_Server-2022-English-Full-Base-2026.08.12"
      },
      "type": [
        "object",
        {
          "id": "string",
          "name": "string"
        }
      ]
    },
    "windows_password": {
      "value": "YLzF-DWxa(S6;lrDMRN%Pj42CE\u002620-dd",
      "type": "string",
      "sensitive": true
    },
    "windows_private_ip": {
      "value": "10.20.2.20",
      "type": "string"
    },
    "windows_private_key_file": {
      "value": "./fortigate-training-windows.pem",
      "type": "string"
    },
    "windows_rdp_address": {
      "value": "15.175.115.8:3389",
      "type": "string"
    },
    "windows_username": {
      "value": "Administrator",
      "type": "string"
    }
  },
  "resources": [
    {
      "mode": "data",
      "type": "aws_ami",
      "name": "fortigate_payg",
      "provider": "provider[\"registry.terraform.io/hashicorp/aws\"]",
      "instances": [
        {
          "schema_version": 0,
          "attributes": {
            "allow_unsafe_filter": null,
            "architecture": "x86_64",
            "arn": "arn:aws:ec2:ca-central-1::image/ami-0fb6bf31908199e50",
            "block_device_mappings": [
              {
                "device_name": "/dev/sda1",
                "ebs": {
                  "delete_on_termination": "true",
                  "encrypted": "false",
                  "iops": "0",
                  "snapshot_id": "snap-0b2f9b07a89053f48",
                  "throughput": "0",
                  "volume_initialization_rate": "0",
                  "volume_size": "2",
                  "volume_type": "gp2"
                },
                "no_device": "",
                "virtual_name": ""
              },
              {
                "device_name": "/dev/sdb",
                "ebs": {
                  "delete_on_termination": "true",
                  "encrypted": "false",
                  "iops": "0",
                  "snapshot_id": "",
                  "throughput": "0",
                  "volume_initialization_rate": "0",
                  "volume_size": "30",
                  "volume_type": "gp2"
                },
                "no_device": "",
                "virtual_name": ""
              }
            ],
            "boot_mode": "uefi-preferred",
            "creation_date": "2026-06-04T22:21:14.000Z",
            "deprecation_time": "2028-06-04T22:21:14.000Z",
            "description": "FortiGate-VM64-AWSONDEMAND build3704 (7.6.7) GA",
            "ena_support": true,
            "executable_users": null,
            "filter": [
              {
                "name": "architecture",
                "values": [
                  "x86_64"
                ]
              },
              {
                "name": "name",
                "values": [
                  "FortiGate-VM64-AWSONDEMAND *"
                ]
              },
              {
                "name": "state",
                "values": [
                  "available"
                ]
              },
              {
                "name": "virtualization-type",
                "values": [
                  "hvm"
                ]
              }
            ],
            "hypervisor": "xen",
            "id": "ami-0fb6bf31908199e50",
            "image_id": "ami-0fb6bf31908199e50",
            "image_location": "aws-marketplace/FortiGate-VM64-AWSONDEMAND build3704 (7.6.7) GA-3124a694-441c-4ff1-8bf7-4d153be424a6",
            "image_owner_alias": "aws-marketplace",
            "image_type": "machine",
            "imds_support": "v2.0",
            "include_deprecated": false,
            "kernel_id": "",
            "last_launched_time": "",
            "most_recent": true,
            "name": "FortiGate-VM64-AWSONDEMAND build3704 (7.6.7) GA-3124a694-441c-4ff1-8bf7-4d153be424a6",
            "name_regex": null,
            "owner_id": "679593333241",
            "owners": [
              "aws-marketplace"
            ],
            "platform": "",
            "platform_details": "Linux/UNIX",
            "product_codes": [
              {
                "product_code_id": "2wqkpek696qhdeo7lbbjncqli",
                "product_code_type": "marketplace"
              }
            ],
            "public": true,
            "ramdisk_id": "",
            "region": "ca-central-1",
            "root_device_name": "/dev/sda1",
            "root_device_type": "ebs",
            "root_snapshot_id": "snap-0b2f9b07a89053f48",
            "sriov_net_support": "simple",
            "state": "available",
            "state_reason": {
              "code": "UNSET",
              "message": "UNSET"
            },
            "tags": {},
            "timeouts": null,
            "tpm_support": "",
            "uefi_data": null,
            "usage_operation": "RunInstances",
            "virtualization_type": "hvm"
          },
          "sensitive_attributes": [],
          "identity_schema_version": 0
        }
      ]
    },
    {
      "mode": "data",
      "type": "aws_ami",
      "name": "windows",
      "provider": "provider[\"registry.terraform.io/hashicorp/aws\"]",
      "instances": [
        {
          "schema_version": 0,
          "attributes": {
            "allow_unsafe_filter": null,
            "architecture": "x86_64",
            "arn": "arn:aws:ec2:ca-central-1::image/ami-0063473985e3644ec",
            "block_device_mappings": [
              {
                "device_name": "/dev/sda1",
                "ebs": {
                  "delete_on_termination": "true",
                  "encrypted": "false",
                  "iops": "0",
                  "snapshot_id": "snap-05153ddcda16eab13",
                  "throughput": "0",
                  "volume_initialization_rate": "0",
                  "volume_size": "30",
                  "volume_type": "gp2"
                },
                "no_device": "",
                "virtual_name": ""
              },
              {
                "device_name": "xvdca",
                "ebs": {},
                "no_device": "",
                "virtual_name": "ephemeral0"
              },
              {
                "device_name": "xvdcb",
                "ebs": {},
                "no_device": "",
                "virtual_name": "ephemeral1"
              },
              {
                "device_name": "xvdcc",
                "ebs": {},
                "no_device": "",
                "virtual_name": "ephemeral2"
              },
              {
                "device_name": "xvdcd",
                "ebs": {},
                "no_device": "",
                "virtual_name": "ephemeral3"
              },
              {
                "device_name": "xvdce",
                "ebs": {},
                "no_device": "",
                "virtual_name": "ephemeral4"
              },
              {
                "device_name": "xvdcf",
                "ebs": {},
                "no_device": "",
                "virtual_name": "ephemeral5"
              },
              {
                "device_name": "xvdcg",
                "ebs": {},
                "no_device": "",
                "virtual_name": "ephemeral6"
              },
              {
                "device_name": "xvdch",
                "ebs": {},
                "no_device": "",
                "virtual_name": "ephemeral7"
              },
              {
                "device_name": "xvdci",
                "ebs": {},
                "no_device": "",
                "virtual_name": "ephemeral8"
              },
              {
                "device_name": "xvdcj",
                "ebs": {},
                "no_device": "",
                "virtual_name": "ephemeral9"
              },
              {
                "device_name": "xvdck",
                "ebs": {},
                "no_device": "",
                "virtual_name": "ephemeral10"
              },
              {
                "device_name": "xvdcl",
                "ebs": {},
                "no_device": "",
                "virtual_name": "ephemeral11"
              },
              {
                "device_name": "xvdcm",
                "ebs": {},
                "no_device": "",
                "virtual_name": "ephemeral12"
              },
              {
                "device_name": "xvdcn",
                "ebs": {},
                "no_device": "",
                "virtual_name": "ephemeral13"
              },
              {
                "device_name": "xvdco",
                "ebs": {},
                "no_device": "",
                "virtual_name": "ephemeral14"
              },
              {
                "device_name": "xvdcp",
                "ebs": {},
                "no_device": "",
                "virtual_name": "ephemeral15"
              },
              {
                "device_name": "xvdcq",
                "ebs": {},
                "no_device": "",
                "virtual_name": "ephemeral16"
              },
              {
                "device_name": "xvdcr",
                "ebs": {},
                "no_device": "",
                "virtual_name": "ephemeral17"
              },
              {
                "device_name": "xvdcs",
                "ebs": {},
                "no_device": "",
                "virtual_name": "ephemeral18"
              },
              {
                "device_name": "xvdct",
                "ebs": {},
                "no_device": "",
                "virtual_name": "ephemeral19"
              },
              {
                "device_name": "xvdcu",
                "ebs": {},
                "no_device": "",
                "virtual_name": "ephemeral20"
              },
              {
                "device_name": "xvdcv",
                "ebs": {},
                "no_device": "",
                "virtual_name": "ephemeral21"
              },
              {
                "device_name": "xvdcw",
                "ebs": {},
                "no_device": "",
                "virtual_name": "ephemeral22"
              },
              {
                "device_name": "xvdcx",
                "ebs": {},
                "no_device": "",
                "virtual_name": "ephemeral23"
              },
              {
                "device_name": "xvdcy",
                "ebs": {},
                "no_device": "",
                "virtual_name": "ephemeral24"
              },
              {
                "device_name": "xvdcz",
                "ebs": {},
                "no_device": "",
                "virtual_name": "ephemeral25"
              }
            ],
            "boot_mode": "",
            "creation_date": "2026-08-13T05:07:39.000Z",
            "deprecation_time": "2028-08-13T05:07:39.000Z",
            "description": "Microsoft Windows Server 2022 Full Locale English AMI provided by Amazon",
            "ena_support": true,
            "executable_users": null,
            "filter": [
              {
                "name": "architecture",
                "values": [
                  "x86_64"
                ]
              },
              {
                "name": "name",
                "values": [
                  "Windows_Server-2022-English-Full-Base-*"
                ]
              },
              {
                "name": "root-device-type",
                "values": [
                  "ebs"
                ]
              },
              {
                "name": "state",
                "values": [
                  "available"
                ]
              }
            ],
            "hypervisor": "xen",
            "id": "ami-0063473985e3644ec",
            "image_id": "ami-0063473985e3644ec",
            "image_location": "amazon/Windows_Server-2022-English-Full-Base-2026.08.12",
            "image_owner_alias": "amazon",
            "image_type": "machine",
            "imds_support": "",
            "include_deprecated": false,
            "kernel_id": "",
            "last_launched_time": "",
            "most_recent": true,
            "name": "Windows_Server-2022-English-Full-Base-2026.08.12",
            "name_regex": null,
            "owner_id": "801119661308",
            "owners": [
              "amazon"
            ],
            "platform": "windows",
            "platform_details": "Windows",
            "product_codes": [],
            "public": true,
            "ramdisk_id": "",
            "region": "ca-central-1",
            "root_device_name": "/dev/sda1",
            "root_device_type": "ebs",
            "root_snapshot_id": "snap-05153ddcda16eab13",
            "sriov_net_support": "simple",
            "state": "available",
            "state_reason": {
              "code": "UNSET",
              "message": "UNSET"
            },
            "tags": {},
            "timeouts": null,
            "tpm_support": "",
            "uefi_data": null,
            "usage_operation": "RunInstances:0002",
            "virtualization_type": "hvm"
          },
          "sensitive_attributes": [],
          "identity_schema_version": 0
        }
      ]
    },
    {
      "mode": "managed",
      "type": "aws_eip",
      "name": "fortigate",
      "provider": "provider[\"registry.terraform.io/hashicorp/aws\"]",
      "instances": [
        {
          "schema_version": 0,
          "attributes": {
            "address": null,
            "allocation_id": "eipalloc-00694e551a1472329",
            "arn": "arn:aws:ec2:ca-central-1:994114819961:elastic-ip/eipalloc-00694e551a1472329",
            "associate_with_private_ip": null,
            "association_id": "eipassoc-05143ad66a71294c5",
            "carrier_ip": "",
            "customer_owned_ip": "",
            "customer_owned_ipv4_pool": "",
            "domain": "vpc",
            "id": "eipalloc-00694e551a1472329",
            "instance": "i-0d7aeac964c681d06",
            "ipam_pool_id": "",
            "network_border_group": "ca-central-1",
            "network_interface": "eni-03b51466049b386cc",
            "private_dns": "ip-10-20-1-10.ca-central-1.compute.internal",
            "private_ip": "10.20.1.10",
            "ptr_record": "",
            "public_dns": "ec2-15-175-115-8.ca-central-1.compute.amazonaws.com",
            "public_ip": "15.175.115.8",
            "public_ipv4_pool": "amazon",
            "region": "ca-central-1",
            "tags": {
              "Name": "fortigate-training-eip"
            },
            "tags_all": {
              "Name": "fortigate-training-eip"
            },
            "timeouts": null
          },
          "sensitive_attributes": [],
          "identity_schema_version": 0,
          "identity": {
            "account_id": "994114819961",
            "id": "eipalloc-00694e551a1472329",
            "region": "ca-central-1"
          },
          "private": "eyJlMmJmYjczMC1lY2FhLTExZTYtOGY4OC0zNDM2M2JjN2M0YzAiOnsiZGVsZXRlIjoxODAwMDAwMDAwMDAsInJlYWQiOjkwMDAwMDAwMDAwMCwidXBkYXRlIjozMDAwMDAwMDAwMDB9fQ==",
          "dependencies": [
            "aws_instance.fortigate",
            "aws_security_group.fortigate",
            "aws_subnet.public",
            "aws_vpc.lab",
            "awscc_ec2_network_interface.port1",
            "data.aws_ami.fortigate_payg"
          ]
        }
      ]
    },
    {
      "mode": "managed",
      "type": "aws_instance",
      "name": "fortigate",
      "provider": "provider[\"registry.terraform.io/hashicorp/aws\"]",
      "instances": [
        {
          "schema_version": 2,
          "attributes": {
            "ami": "ami-0fb6bf31908199e50",
            "arn": "arn:aws:ec2:ca-central-1:994114819961:instance/i-0d7aeac964c681d06",
            "associate_public_ip_address": false,
            "availability_zone": "ca-central-1d",
            "capacity_reservation_specification": [
              {
                "capacity_reservation_preference": "open",
                "capacity_reservation_target": []
              }
            ],
            "cpu_options": [
              {
                "amd_sev_snp": "",
                "core_count": 1,
                "nested_virtualization": "",
                "threads_per_core": 2
              }
            ],
            "credit_specification": [],
            "disable_api_stop": false,
            "disable_api_termination": false,
            "ebs_block_device": [
              {
                "delete_on_termination": true,
                "device_name": "/dev/sdb",
                "encrypted": false,
                "iops": 100,
                "kms_key_id": "",
                "snapshot_id": "",
                "tags": {},
                "tags_all": {},
                "throughput": 0,
                "volume_id": "vol-063ffc740efb5c497",
                "volume_size": 30,
                "volume_type": "gp2"
              }
            ],
            "ebs_optimized": false,
            "enable_primary_ipv6": null,
            "enclave_options": [
              {
                "enabled": false
              }
            ],
            "ephemeral_block_device": [],
            "force_destroy": false,
            "get_password_data": false,
            "hibernation": false,
            "host_id": "",
            "host_resource_group_arn": null,
            "iam_instance_profile": "",
            "id": "i-0d7aeac964c681d06",
            "instance_initiated_shutdown_behavior": "stop",
            "instance_lifecycle": "",
            "instance_market_options": [],
            "instance_state": "running",
            "instance_type": "c6i.large",
            "ipv6_address_count": 0,
            "ipv6_addresses": [],
            "key_name": "",
            "launch_template": [],
            "maintenance_options": [
              {
                "auto_recovery": "default"
              }
            ],
            "metadata_options": [
              {
                "http_endpoint": "enabled",
                "http_protocol_ipv6": "disabled",
                "http_put_response_hop_limit": 2,
                "http_tokens": "required",
                "instance_metadata_tags": "disabled"
              }
            ],
            "monitoring": false,
            "network_interface": [],
            "outpost_arn": "",
            "password_data": "",
            "placement_group": "",
            "placement_group_id": "",
            "placement_partition_number": 0,
            "primary_network_interface": [
              {
                "delete_on_termination": false,
                "network_interface_id": "eni-03b51466049b386cc"
              }
            ],
            "primary_network_interface_id": "eni-03b51466049b386cc",
            "private_dns": "ip-10-20-1-10.ca-central-1.compute.internal",
            "private_dns_name_options": [
              {
                "enable_resource_name_dns_a_record": false,
                "enable_resource_name_dns_aaaa_record": false,
                "hostname_type": "ip-name"
              }
            ],
            "private_ip": "10.20.1.10",
            "public_dns": "",
            "public_ip": "",
            "region": "ca-central-1",
            "root_block_device": [
              {
                "delete_on_termination": true,
                "device_name": "/dev/sda1",
                "encrypted": true,
                "iops": 3000,
                "kms_key_id": "arn:aws:kms:ca-central-1:994114819961:key/d56fb25b-4b92-4748-9429-035a65d2d0e2",
                "tags": null,
                "tags_all": {},
                "throughput": 125,
                "volume_id": "vol-049a5ee22447d3e6c",
                "volume_size": 10,
                "volume_type": "gp3"
              }
            ],
            "secondary_network_interface": [],
            "secondary_private_ips": [],
            "security_groups": [],
            "source_dest_check": false,
            "spot_instance_request_id": "",
            "subnet_id": "subnet-049e9c71be55a58d1",
            "tags": {
              "Name": "fortigate-training"
            },
            "tags_all": {
              "Name": "fortigate-training"
            },
            "tenancy": "default",
            "timeouts": null,
            "user_data": "config system interface\n  edit \"port1\"\n    set alias \"WAN\"\n    set allowaccess ping https ssh\n  next\n  edit \"port2\"\n    set alias \"TRAINING-LAN\"\n    set allowaccess ping\n  next\nend\n\nconfig firewall address\n  edit \"Windows-Desktop\"\n    set subnet 10.20.2.20 255.255.255.255\n  next\nend\n\nconfig firewall vip\n  edit \"Windows-RDP\"\n    set extintf \"port1\"\n    set extip 10.20.1.10\n    set mappedip \"10.20.2.20\"\n    set portforward enable\n    set extport 3389\n    set mappedport 3389\n  next\nend\n\nconfig firewall policy\n  edit 1\n    set name \"Training-LAN-to-Internet\"\n    set srcintf \"port2\"\n    set dstintf \"port1\"\n    set action accept\n    set srcaddr \"all\"\n    set dstaddr \"all\"\n    set schedule \"always\"\n    set service \"ALL\"\n    set nat enable\n  next\n  edit 2\n    set name \"RDP-to-Windows\"\n    set srcintf \"port1\"\n    set dstintf \"port2\"\n    set action accept\n    set srcaddr \"all\"\n    set dstaddr \"Windows-RDP\"\n    set schedule \"always\"\n    set service \"RDP\"\n    set nat enable\n  next\nend\n",
            "user_data_base64": null,
            "user_data_replace_on_change": true,
            "volume_tags": null,
            "vpc_security_group_ids": [
              "sg-0a1710efe81ca9ede"
            ]
          },
          "sensitive_attributes": [],
          "identity_schema_version": 0,
          "identity": {
            "account_id": "994114819961",
            "id": "i-0d7aeac964c681d06",
            "region": "ca-central-1"
          },
          "private": "eyJlMmJmYjczMC1lY2FhLTExZTYtOGY4OC0zNDM2M2JjN2M0YzAiOnsiY3JlYXRlIjo2MDAwMDAwMDAwMDAsImRlbGV0ZSI6MTIwMDAwMDAwMDAwMCwicmVhZCI6OTAwMDAwMDAwMDAwLCJ1cGRhdGUiOjYwMDAwMDAwMDAwMH0sInNjaGVtYV92ZXJzaW9uIjoiMiJ9",
          "dependencies": [
            "aws_security_group.fortigate",
            "aws_subnet.public",
            "aws_vpc.lab",
            "awscc_ec2_network_interface.port1",
            "data.aws_ami.fortigate_payg"
          ]
        }
      ]
    },
    {
      "mode": "managed",
      "type": "aws_instance",
      "name": "windows",
      "provider": "provider[\"registry.terraform.io/hashicorp/aws\"]",
      "instances": [
        {
          "schema_version": 2,
          "attributes": {
            "ami": "ami-0063473985e3644ec",
            "arn": "arn:aws:ec2:ca-central-1:994114819961:instance/i-010f91637556c6ba7",
            "associate_public_ip_address": false,
            "availability_zone": "ca-central-1d",
            "capacity_reservation_specification": [
              {
                "capacity_reservation_preference": "open",
                "capacity_reservation_target": []
              }
            ],
            "cpu_options": [
              {
                "amd_sev_snp": "",
                "core_count": 1,
                "nested_virtualization": "",
                "threads_per_core": 2
              }
            ],
            "credit_specification": [
              {
                "cpu_credits": "unlimited"
              }
            ],
            "disable_api_stop": false,
            "disable_api_termination": false,
            "ebs_block_device": [],
            "ebs_optimized": false,
            "enable_primary_ipv6": null,
            "enclave_options": [
              {
                "enabled": false
              }
            ],
            "ephemeral_block_device": [],
            "force_destroy": false,
            "get_password_data": true,
            "hibernation": false,
            "host_id": "",
            "host_resource_group_arn": null,
            "iam_instance_profile": "",
            "id": "i-010f91637556c6ba7",
            "instance_initiated_shutdown_behavior": "stop",
            "instance_lifecycle": "",
            "instance_market_options": [],
            "instance_state": "running",
            "instance_type": "t3.medium",
            "ipv6_address_count": 0,
            "ipv6_addresses": [],
            "key_name": "fortigate-training-windows",
            "launch_template": [],
            "maintenance_options": [
              {
                "auto_recovery": "default"
              }
            ],
            "metadata_options": [
              {
                "http_endpoint": "enabled",
                "http_protocol_ipv6": "disabled",
                "http_put_response_hop_limit": 1,
                "http_tokens": "optional",
                "instance_metadata_tags": "disabled"
              }
            ],
            "monitoring": false,
            "network_interface": [],
            "outpost_arn": "",
            "password_data": "XAjJROxUbpZf47TBaeyMgoyRKbNLS6xSyRkuT2HPD0oe0bevfwPk/UOn3gmG+mdTmuY2FP0YStz5czHgFgEkKUNgS6tS4s5iRyG9j9qcuWFvnhmRw2G3riPcGAXadFCiMCtcklKaui3mf1zNMWEp/9WVkvXeRQwl+ndqot0g7UeJy+OoyxPvpCh1CAN8JFzQtmfOZSpKJV5IABayHR9wxxPUv/MuVpaZ2nmqA1+DapWG3ZrxfdW0sByZALmZkrxgdT0Kc6UAfXvaRQIGi2l0TUqTclb+8adepL0GmBo7w9x0LIR/TUz6xT4EVV/v7L3zq7GRbx6OsYzZQPPzruT7yn22mEI7lTarUIUhYngixvSZw14DhxoD8kb3rSHVJ4Svd5kTY8IfkBLoUABtKovYGTSVxz0GyXuQJSpSogz7NDrnxptN3jC1n5Odzhs4kaS9dus1Hgj34BBChVYgsIYBH6x+uGq9jfsBP13rXYFVhz4BRLla+49bCts1rpyMxD8hqFYTDqPo4o9co9mAPnHlRbeHcJEjdbq3FJNVoHYZuI1xDAaEszbuZlBr+9/mk2jAn7myQ4HiE2QUCjimIXW1gBw9hPivWCj/P63DWIVqtrcXX2zJLRK//ceA6MdSBnhifXHDzU34KHePjjJtWRFfIwXBN1aY3dqK2Q+ASrFhyhQ=",
            "placement_group": "",
            "placement_group_id": "",
            "placement_partition_number": 0,
            "primary_network_interface": [
              {
                "delete_on_termination": true,
                "network_interface_id": "eni-010d142d1d34a2127"
              }
            ],
            "primary_network_interface_id": "eni-010d142d1d34a2127",
            "private_dns": "ip-10-20-2-20.ca-central-1.compute.internal",
            "private_dns_name_options": [
              {
                "enable_resource_name_dns_a_record": false,
                "enable_resource_name_dns_aaaa_record": false,
                "hostname_type": "ip-name"
              }
            ],
            "private_ip": "10.20.2.20",
            "public_dns": "",
            "public_ip": "",
            "region": "ca-central-1",
            "root_block_device": [
              {
                "delete_on_termination": true,
                "device_name": "/dev/sda1",
                "encrypted": true,
                "iops": 3000,
                "kms_key_id": "arn:aws:kms:ca-central-1:994114819961:key/d56fb25b-4b92-4748-9429-035a65d2d0e2",
                "tags": null,
                "tags_all": {},
                "throughput": 125,
                "volume_id": "vol-0defc832ef01c1098",
                "volume_size": 40,
                "volume_type": "gp3"
              }
            ],
            "secondary_network_interface": [],
            "secondary_private_ips": [],
            "security_groups": [],
            "source_dest_check": true,
            "spot_instance_request_id": "",
            "subnet_id": "subnet-049532342548d1d44",
            "tags": {
              "Name": "fortigate-training-windows"
            },
            "tags_all": {
              "Name": "fortigate-training-windows"
            },
            "tenancy": "default",
            "timeouts": null,
            "user_data": null,
            "user_data_base64": null,
            "user_data_replace_on_change": false,
            "volume_tags": null,
            "vpc_security_group_ids": [
              "sg-0f6e6002e73bb4c41"
            ]
          },
          "sensitive_attributes": [],
          "identity_schema_version": 0,
          "identity": {
            "account_id": "994114819961",
            "id": "i-010f91637556c6ba7",
            "region": "ca-central-1"
          },
          "private": "eyJlMmJmYjczMC1lY2FhLTExZTYtOGY4OC0zNDM2M2JjN2M0YzAiOnsiY3JlYXRlIjo2MDAwMDAwMDAwMDAsImRlbGV0ZSI6MTIwMDAwMDAwMDAwMCwicmVhZCI6OTAwMDAwMDAwMDAwLCJ1cGRhdGUiOjYwMDAwMDAwMDAwMH0sInNjaGVtYV92ZXJzaW9uIjoiMiJ9",
          "dependencies": [
            "aws_instance.fortigate",
            "aws_key_pair.windows",
            "aws_route_table.private",
            "aws_route_table_association.private",
            "aws_security_group.fortigate",
            "aws_security_group.fortigate_internal",
            "aws_security_group.windows",
            "aws_subnet.private",
            "aws_subnet.public",
            "aws_vpc.lab",
            "awscc_ec2_network_interface.port1",
            "awscc_ec2_network_interface.port2",
            "awscc_ec2_network_interface_attachment.port2",
            "data.aws_ami.fortigate_payg",
            "data.aws_ami.windows",
            "tls_private_key.windows"
          ]
        }
      ]
    },
    {
      "mode": "managed",
      "type": "aws_internet_gateway",
      "name": "lab",
      "provider": "provider[\"registry.terraform.io/hashicorp/aws\"]",
      "instances": [
        {
          "schema_version": 0,
          "attributes": {
            "arn": "arn:aws:ec2:ca-central-1:994114819961:internet-gateway/igw-035670604fc854518",
            "id": "igw-035670604fc854518",
            "owner_id": "994114819961",
            "region": "ca-central-1",
            "tags": {
              "Name": "fortigate-training-igw"
            },
            "tags_all": {
              "Name": "fortigate-training-igw"
            },
            "timeouts": null,
            "vpc_id": "vpc-0ec507ac135dd4b22"
          },
          "sensitive_attributes": [],
          "identity_schema_version": 0,
          "identity": {
            "account_id": "994114819961",
            "id": "igw-035670604fc854518",
            "region": "ca-central-1"
          },
          "private": "eyJlMmJmYjczMC1lY2FhLTExZTYtOGY4OC0zNDM2M2JjN2M0YzAiOnsiY3JlYXRlIjoxMjAwMDAwMDAwMDAwLCJkZWxldGUiOjEyMDAwMDAwMDAwMDAsInVwZGF0ZSI6MTIwMDAwMDAwMDAwMH19",
          "dependencies": [
            "aws_vpc.lab"
          ]
        }
      ]
    },
    {
      "mode": "managed",
      "type": "aws_key_pair",
      "name": "windows",
      "provider": "provider[\"registry.terraform.io/hashicorp/aws\"]",
      "instances": [
        {
          "schema_version": 1,
          "attributes": {
            "arn": "arn:aws:ec2:ca-central-1:994114819961:key-pair/fortigate-training-windows",
            "fingerprint": "74:12:9b:b4:06:6c:01:ad:a0:57:68:2f:ec:1d:83:67",
            "id": "fortigate-training-windows",
            "key_name": "fortigate-training-windows",
            "key_name_prefix": "",
            "key_pair_id": "key-0325db9c56bea9654",
            "key_type": "rsa",
            "public_key": "ssh-rsa AAAAB3NzaC1yc2EAAAADAQABAAACAQC3mKfgaEiP7piYoml7CB1LNP+zAMwCeDPu+wlaHKn+nLX6kQ8l+q/w/EAhSKJrl0Txz44AQbAywexye6EZnldqcGB5y7ohcQLY5M9dWk0EE9goODW7UqsR+X+21yUxUpR2Lu7QJL2lG/yhRQ2KCCRm4z2Ie67pdYBBZW2BIhOYMeHDJY6IPMJhCoNFtI6zQsmoUO7UzUTl6B+zm/EfjimRsvCL2z9o3dQj59iuGvwLt+hmcJ1hBtPy9A7PsBd7e8Xnv4Eq/iS6u+k0QOy2uou0TWEg/qbnBXk55tmJ6Bv+4iplBq+J7q0Zo+eZ5ELse34qJR/Ob0oBWvwnvBtWs/XsnrWZsOKTFBl9UGsd3SxxqVgSSSWci0uu6wJX6TeALvsFAY7CXtqPkqCJ5kgO8iU83ok27L4nkQkt6U50F8bamw2GAndf5kSLxZWITABT5F0ckr0TOYfWcXSc8EJ2b+l2ZfaKoQTqwR7tqXe92sUmB3Mvc4V8zuWtBvdyZ7lqACN8NUofmqZMuIAaZGlORth7HNm5i5cGmwrnuIYNTP3RIOJwrz7Xs8l+KbodrDV7qkjC6uxQI7LGcRAUk34gh+1BKt6Gru0vSdsl8mySpxfg4fJNM2ASPrXPTfLuG9pp546nnxQIF1zSGPBCU7zVyZ80rLw+ReT1Y468y4q0RmK8Rw==",
            "region": "ca-central-1",
            "tags": {
              "Name": "fortigate-training-windows"
            },
            "tags_all": {
              "Name": "fortigate-training-windows"
            }
          },
          "sensitive_attributes": [],
          "identity_schema_version": 0,
          "private": "eyJzY2hlbWFfdmVyc2lvbiI6IjEifQ==",
          "dependencies": [
            "tls_private_key.windows"
          ]
        }
      ]
    },
    {
      "mode": "managed",
      "type": "aws_route_table",
      "name": "private",
      "provider": "provider[\"registry.terraform.io/hashicorp/aws\"]",
      "instances": [
        {
          "schema_version": 0,
          "attributes": {
            "arn": "arn:aws:ec2:ca-central-1:994114819961:route-table/rtb-0d1d67f58e7509f85",
            "id": "rtb-0d1d67f58e7509f85",
            "owner_id": "994114819961",
            "propagating_vgws": [],
            "region": "ca-central-1",
            "route": [
              {
                "carrier_gateway_id": "",
                "cidr_block": "0.0.0.0/0",
                "core_network_arn": "",
                "destination_prefix_list_id": "",
                "egress_only_gateway_id": "",
                "gateway_id": "",
                "ipv6_cidr_block": "",
                "local_gateway_id": "",
                "nat_gateway_id": "",
                "network_interface_id": "eni-0d0f1486a8af8c592",
                "odb_network_arn": "",
                "transit_gateway_id": "",
                "vpc_endpoint_id": "",
                "vpc_peering_connection_id": ""
              }
            ],
            "tags": {
              "Name": "fortigate-training-private"
            },
            "tags_all": {
              "Name": "fortigate-training-private"
            },
            "timeouts": null,
            "vpc_id": "vpc-0ec507ac135dd4b22"
          },
          "sensitive_attributes": [],
          "identity_schema_version": 0,
          "identity": {
            "account_id": "994114819961",
            "id": "rtb-0d1d67f58e7509f85",
            "region": "ca-central-1"
          },
          "private": "eyJlMmJmYjczMC1lY2FhLTExZTYtOGY4OC0zNDM2M2JjN2M0YzAiOnsiY3JlYXRlIjozMDAwMDAwMDAwMDAsImRlbGV0ZSI6MzAwMDAwMDAwMDAwLCJ1cGRhdGUiOjEyMDAwMDAwMDAwMH19",
          "dependencies": [
            "aws_instance.fortigate",
            "aws_security_group.fortigate",
            "aws_security_group.fortigate_internal",
            "aws_subnet.private",
            "aws_subnet.public",
            "aws_vpc.lab",
            "awscc_ec2_network_interface.port1",
            "awscc_ec2_network_interface.port2",
            "awscc_ec2_network_interface_attachment.port2",
            "data.aws_ami.fortigate_payg"
          ]
        }
      ]
    },
    {
      "mode": "managed",
      "type": "aws_route_table",
      "name": "public",
      "provider": "provider[\"registry.terraform.io/hashicorp/aws\"]",
      "instances": [
        {
          "schema_version": 0,
          "attributes": {
            "arn": "arn:aws:ec2:ca-central-1:994114819961:route-table/rtb-03dae58a9f3c5dab9",
            "id": "rtb-03dae58a9f3c5dab9",
            "owner_id": "994114819961",
            "propagating_vgws": [],
            "region": "ca-central-1",
            "route": [
              {
                "carrier_gateway_id": "",
                "cidr_block": "0.0.0.0/0",
                "core_network_arn": "",
                "destination_prefix_list_id": "",
                "egress_only_gateway_id": "",
                "gateway_id": "igw-035670604fc854518",
                "ipv6_cidr_block": "",
                "local_gateway_id": "",
                "nat_gateway_id": "",
                "network_interface_id": "",
                "odb_network_arn": "",
                "transit_gateway_id": "",
                "vpc_endpoint_id": "",
                "vpc_peering_connection_id": ""
              }
            ],
            "tags": {
              "Name": "fortigate-training-public"
            },
            "tags_all": {
              "Name": "fortigate-training-public"
            },
            "timeouts": null,
            "vpc_id": "vpc-0ec507ac135dd4b22"
          },
          "sensitive_attributes": [],
          "identity_schema_version": 0,
          "identity": {
            "account_id": "994114819961",
            "id": "rtb-03dae58a9f3c5dab9",
            "region": "ca-central-1"
          },
          "private": "eyJlMmJmYjczMC1lY2FhLTExZTYtOGY4OC0zNDM2M2JjN2M0YzAiOnsiY3JlYXRlIjozMDAwMDAwMDAwMDAsImRlbGV0ZSI6MzAwMDAwMDAwMDAwLCJ1cGRhdGUiOjEyMDAwMDAwMDAwMH19",
          "dependencies": [
            "aws_internet_gateway.lab",
            "aws_vpc.lab"
          ]
        }
      ]
    },
    {
      "mode": "managed",
      "type": "aws_route_table_association",
      "name": "private",
      "provider": "provider[\"registry.terraform.io/hashicorp/aws\"]",
      "instances": [
        {
          "schema_version": 0,
          "attributes": {
            "gateway_id": "",
            "id": "rtbassoc-0e828069de4233d55",
            "region": "ca-central-1",
            "route_table_id": "rtb-0d1d67f58e7509f85",
            "subnet_id": "subnet-049532342548d1d44",
            "timeouts": null
          },
          "sensitive_attributes": [],
          "identity_schema_version": 0,
          "identity": {
            "account_id": "994114819961",
            "id": "rtbassoc-0e828069de4233d55",
            "region": "ca-central-1"
          },
          "private": "eyJlMmJmYjczMC1lY2FhLTExZTYtOGY4OC0zNDM2M2JjN2M0YzAiOnsiY3JlYXRlIjozMDAwMDAwMDAwMDAsImRlbGV0ZSI6MzAwMDAwMDAwMDAwLCJ1cGRhdGUiOjEyMDAwMDAwMDAwMH19",
          "dependencies": [
            "aws_instance.fortigate",
            "aws_route_table.private",
            "aws_security_group.fortigate",
            "aws_security_group.fortigate_internal",
            "aws_subnet.private",
            "aws_subnet.public",
            "aws_vpc.lab",
            "awscc_ec2_network_interface.port1",
            "awscc_ec2_network_interface.port2",
            "awscc_ec2_network_interface_attachment.port2",
            "data.aws_ami.fortigate_payg"
          ]
        }
      ]
    },
    {
      "mode": "managed",
      "type": "aws_route_table_association",
      "name": "public",
      "provider": "provider[\"registry.terraform.io/hashicorp/aws\"]",
      "instances": [
        {
          "schema_version": 0,
          "attributes": {
            "gateway_id": "",
            "id": "rtbassoc-09841b7a200d9a503",
            "region": "ca-central-1",
            "route_table_id": "rtb-03dae58a9f3c5dab9",
            "subnet_id": "subnet-049e9c71be55a58d1",
            "timeouts": null
          },
          "sensitive_attributes": [],
          "identity_schema_version": 0,
          "identity": {
            "account_id": "994114819961",
            "id": "rtbassoc-09841b7a200d9a503",
            "region": "ca-central-1"
          },
          "private": "eyJlMmJmYjczMC1lY2FhLTExZTYtOGY4OC0zNDM2M2JjN2M0YzAiOnsiY3JlYXRlIjozMDAwMDAwMDAwMDAsImRlbGV0ZSI6MzAwMDAwMDAwMDAwLCJ1cGRhdGUiOjEyMDAwMDAwMDAwMH19",
          "dependencies": [
            "aws_internet_gateway.lab",
            "aws_route_table.public",
            "aws_subnet.public",
            "aws_vpc.lab"
          ]
        }
      ]
    },
    {
      "mode": "managed",
      "type": "aws_security_group",
      "name": "fortigate",
      "provider": "provider[\"registry.terraform.io/hashicorp/aws\"]",
      "instances": [
        {
          "schema_version": 1,
          "attributes": {
            "arn": "arn:aws:ec2:ca-central-1:994114819961:security-group/sg-0a1710efe81ca9ede",
            "description": "Restricted FortiGate training management access",
            "egress": [
              {
                "cidr_blocks": [
                  "0.0.0.0/0"
                ],
                "description": "Allow FortiGate outbound access",
                "from_port": 0,
                "ipv6_cidr_blocks": [
                  "::/0"
                ],
                "prefix_list_ids": [],
                "protocol": "-1",
                "security_groups": [],
                "self": false,
                "to_port": 0
              }
            ],
            "id": "sg-0a1710efe81ca9ede",
            "ingress": [
              {
                "cidr_blocks": [
                  "24.157.117.33/32"
                ],
                "description": "FortiGate HTTPS management",
                "from_port": 443,
                "ipv6_cidr_blocks": [],
                "prefix_list_ids": [],
                "protocol": "tcp",
                "security_groups": [],
                "self": false,
                "to_port": 443
              },
              {
                "cidr_blocks": [
                  "24.157.117.33/32"
                ],
                "description": "FortiGate SSH management",
                "from_port": 22,
                "ipv6_cidr_blocks": [],
                "prefix_list_ids": [],
                "protocol": "tcp",
                "security_groups": [],
                "self": false,
                "to_port": 22
              },
              {
                "cidr_blocks": [
                  "24.157.117.33/32"
                ],
                "description": "RDP forwarded through FortiGate",
                "from_port": 3389,
                "ipv6_cidr_blocks": [],
                "prefix_list_ids": [],
                "protocol": "tcp",
                "security_groups": [],
                "self": false,
                "to_port": 3389
              }
            ],
            "name": "fortigate-training-management",
            "name_prefix": "",
            "owner_id": "994114819961",
            "region": "ca-central-1",
            "revoke_rules_on_delete": false,
            "tags": {
              "Name": "fortigate-training-management"
            },
            "tags_all": {
              "Name": "fortigate-training-management"
            },
            "timeouts": null,
            "vpc_id": "vpc-0ec507ac135dd4b22"
          },
          "sensitive_attributes": [],
          "identity_schema_version": 0,
          "identity": {
            "account_id": "994114819961",
            "id": "sg-0a1710efe81ca9ede",
            "region": "ca-central-1"
          },
          "private": "eyJlMmJmYjczMC1lY2FhLTExZTYtOGY4OC0zNDM2M2JjN2M0YzAiOnsiY3JlYXRlIjo2MDAwMDAwMDAwMDAsImRlbGV0ZSI6OTAwMDAwMDAwMDAwfSwic2NoZW1hX3ZlcnNpb24iOiIxIn0=",
          "dependencies": [
            "aws_vpc.lab"
          ]
        }
      ]
    },
    {
      "mode": "managed",
      "type": "aws_security_group",
      "name": "fortigate_internal",
      "provider": "provider[\"registry.terraform.io/hashicorp/aws\"]",
      "instances": [
        {
          "schema_version": 1,
          "attributes": {
            "arn": "arn:aws:ec2:ca-central-1:994114819961:security-group/sg-03b9d9727e9847838",
            "description": "Traffic from the private training subnet to FortiGate port2",
            "egress": [
              {
                "cidr_blocks": [
                  "0.0.0.0/0"
                ],
                "description": "Allow FortiGate outbound access",
                "from_port": 0,
                "ipv6_cidr_blocks": [],
                "prefix_list_ids": [],
                "protocol": "-1",
                "security_groups": [],
                "self": false,
                "to_port": 0
              }
            ],
            "id": "sg-03b9d9727e9847838",
            "ingress": [
              {
                "cidr_blocks": [
                  "10.20.2.0/24"
                ],
                "description": "Private subnet traffic",
                "from_port": 0,
                "ipv6_cidr_blocks": [],
                "prefix_list_ids": [],
                "protocol": "-1",
                "security_groups": [],
                "self": false,
                "to_port": 0
              }
            ],
            "name": "fortigate-training-internal",
            "name_prefix": "",
            "owner_id": "994114819961",
            "region": "ca-central-1",
            "revoke_rules_on_delete": false,
            "tags": {
              "Name": "fortigate-training-internal"
            },
            "tags_all": {
              "Name": "fortigate-training-internal"
            },
            "timeouts": null,
            "vpc_id": "vpc-0ec507ac135dd4b22"
          },
          "sensitive_attributes": [],
          "identity_schema_version": 0,
          "identity": {
            "account_id": "994114819961",
            "id": "sg-03b9d9727e9847838",
            "region": "ca-central-1"
          },
          "private": "eyJlMmJmYjczMC1lY2FhLTExZTYtOGY4OC0zNDM2M2JjN2M0YzAiOnsiY3JlYXRlIjo2MDAwMDAwMDAwMDAsImRlbGV0ZSI6OTAwMDAwMDAwMDAwfSwic2NoZW1hX3ZlcnNpb24iOiIxIn0=",
          "dependencies": [
            "aws_subnet.private",
            "aws_subnet.public",
            "aws_vpc.lab"
          ]
        }
      ]
    },
    {
      "mode": "managed",
      "type": "aws_security_group",
      "name": "windows",
      "provider": "provider[\"registry.terraform.io/hashicorp/aws\"]",
      "instances": [
        {
          "schema_version": 1,
          "attributes": {
            "arn": "arn:aws:ec2:ca-central-1:994114819961:security-group/sg-0f6e6002e73bb4c41",
            "description": "Windows desktop access through the FortiGate",
            "egress": [
              {
                "cidr_blocks": [
                  "0.0.0.0/0"
                ],
                "description": "Allow Windows outbound access through FortiGate",
                "from_port": 0,
                "ipv6_cidr_blocks": [],
                "prefix_list_ids": [],
                "protocol": "-1",
                "security_groups": [],
                "self": false,
                "to_port": 0
              }
            ],
            "id": "sg-0f6e6002e73bb4c41",
            "ingress": [
              {
                "cidr_blocks": [
                  "10.20.2.10/32"
                ],
                "description": "RDP from FortiGate port2 after source NAT",
                "from_port": 3389,
                "ipv6_cidr_blocks": [],
                "prefix_list_ids": [],
                "protocol": "tcp",
                "security_groups": [],
                "self": false,
                "to_port": 3389
              }
            ],
            "name": "fortigate-training-windows",
            "name_prefix": "",
            "owner_id": "994114819961",
            "region": "ca-central-1",
            "revoke_rules_on_delete": false,
            "tags": {
              "Name": "fortigate-training-windows"
            },
            "tags_all": {
              "Name": "fortigate-training-windows"
            },
            "timeouts": null,
            "vpc_id": "vpc-0ec507ac135dd4b22"
          },
          "sensitive_attributes": [],
          "identity_schema_version": 0,
          "identity": {
            "account_id": "994114819961",
            "id": "sg-0f6e6002e73bb4c41",
            "region": "ca-central-1"
          },
          "private": "eyJlMmJmYjczMC1lY2FhLTExZTYtOGY4OC0zNDM2M2JjN2M0YzAiOnsiY3JlYXRlIjo2MDAwMDAwMDAwMDAsImRlbGV0ZSI6OTAwMDAwMDAwMDAwfSwic2NoZW1hX3ZlcnNpb24iOiIxIn0=",
          "dependencies": [
            "aws_vpc.lab"
          ]
        }
      ]
    },
    {
      "mode": "managed",
      "type": "aws_subnet",
      "name": "private",
      "provider": "provider[\"registry.terraform.io/hashicorp/aws\"]",
      "instances": [
        {
          "schema_version": 1,
          "attributes": {
            "arn": "arn:aws:ec2:ca-central-1:994114819961:subnet/subnet-049532342548d1d44",
            "assign_ipv6_address_on_creation": false,
            "availability_zone": "ca-central-1d",
            "availability_zone_id": "cac1-az4",
            "cidr_block": "10.20.2.0/24",
            "customer_owned_ipv4_pool": "",
            "enable_dns64": false,
            "enable_lni_at_device_index": 0,
            "enable_resource_name_dns_a_record_on_launch": false,
            "enable_resource_name_dns_aaaa_record_on_launch": false,
            "id": "subnet-049532342548d1d44",
            "ipv4_ipam_pool_id": null,
            "ipv4_netmask_length": null,
            "ipv6_cidr_block": "",
            "ipv6_cidr_block_association_id": "",
            "ipv6_ipam_pool_id": null,
            "ipv6_native": false,
            "ipv6_netmask_length": null,
            "map_customer_owned_ip_on_launch": false,
            "map_public_ip_on_launch": false,
            "outpost_arn": "",
            "owner_id": "994114819961",
            "private_dns_hostname_type_on_launch": "ip-name",
            "region": "ca-central-1",
            "tags": {
              "Name": "fortigate-training-private"
            },
            "tags_all": {
              "Name": "fortigate-training-private"
            },
            "timeouts": null,
            "vpc_id": "vpc-0ec507ac135dd4b22"
          },
          "sensitive_attributes": [],
          "identity_schema_version": 0,
          "identity": {
            "account_id": "994114819961",
            "id": "subnet-049532342548d1d44",
            "region": "ca-central-1"
          },
          "private": "eyJlMmJmYjczMC1lY2FhLTExZTYtOGY4OC0zNDM2M2JjN2M0YzAiOnsiY3JlYXRlIjo2MDAwMDAwMDAwMDAsImRlbGV0ZSI6MTIwMDAwMDAwMDAwMH0sInNjaGVtYV92ZXJzaW9uIjoiMSJ9",
          "dependencies": [
            "aws_subnet.public",
            "aws_vpc.lab"
          ]
        }
      ]
    },
    {
      "mode": "managed",
      "type": "aws_subnet",
      "name": "public",
      "provider": "provider[\"registry.terraform.io/hashicorp/aws\"]",
      "instances": [
        {
          "schema_version": 1,
          "attributes": {
            "arn": "arn:aws:ec2:ca-central-1:994114819961:subnet/subnet-049e9c71be55a58d1",
            "assign_ipv6_address_on_creation": false,
            "availability_zone": "ca-central-1d",
            "availability_zone_id": "cac1-az4",
            "cidr_block": "10.20.1.0/24",
            "customer_owned_ipv4_pool": "",
            "enable_dns64": false,
            "enable_lni_at_device_index": 0,
            "enable_resource_name_dns_a_record_on_launch": false,
            "enable_resource_name_dns_aaaa_record_on_launch": false,
            "id": "subnet-049e9c71be55a58d1",
            "ipv4_ipam_pool_id": null,
            "ipv4_netmask_length": null,
            "ipv6_cidr_block": "",
            "ipv6_cidr_block_association_id": "",
            "ipv6_ipam_pool_id": null,
            "ipv6_native": false,
            "ipv6_netmask_length": null,
            "map_customer_owned_ip_on_launch": false,
            "map_public_ip_on_launch": false,
            "outpost_arn": "",
            "owner_id": "994114819961",
            "private_dns_hostname_type_on_launch": "ip-name",
            "region": "ca-central-1",
            "tags": {
              "Name": "fortigate-training-public"
            },
            "tags_all": {
              "Name": "fortigate-training-public"
            },
            "timeouts": null,
            "vpc_id": "vpc-0ec507ac135dd4b22"
          },
          "sensitive_attributes": [],
          "identity_schema_version": 0,
          "identity": {
            "account_id": "994114819961",
            "id": "subnet-049e9c71be55a58d1",
            "region": "ca-central-1"
          },
          "private": "eyJlMmJmYjczMC1lY2FhLTExZTYtOGY4OC0zNDM2M2JjN2M0YzAiOnsiY3JlYXRlIjo2MDAwMDAwMDAwMDAsImRlbGV0ZSI6MTIwMDAwMDAwMDAwMH0sInNjaGVtYV92ZXJzaW9uIjoiMSJ9",
          "dependencies": [
            "aws_vpc.lab"
          ]
        }
      ]
    },
    {
      "mode": "managed",
      "type": "aws_vpc",
      "name": "lab",
      "provider": "provider[\"registry.terraform.io/hashicorp/aws\"]",
      "instances": [
        {
          "schema_version": 1,
          "attributes": {
            "arn": "arn:aws:ec2:ca-central-1:994114819961:vpc/vpc-0ec507ac135dd4b22",
            "assign_generated_ipv6_cidr_block": false,
            "cidr_block": "10.20.0.0/16",
            "default_network_acl_id": "acl-045e329cd57a73378",
            "default_route_table_id": "rtb-06fc3484bebe45c7a",
            "default_security_group_id": "sg-0ff5e6fb5c6d6a486",
            "dhcp_options_id": "dopt-0300be01324f33a80",
            "enable_dns_hostnames": true,
            "enable_dns_support": true,
            "enable_network_address_usage_metrics": false,
            "id": "vpc-0ec507ac135dd4b22",
            "instance_tenancy": "default",
            "ipv4_ipam_pool_id": null,
            "ipv4_netmask_length": null,
            "ipv6_association_id": "",
            "ipv6_cidr_block": "",
            "ipv6_cidr_block_network_border_group": "",
            "ipv6_ipam_pool_id": "",
            "ipv6_netmask_length": 0,
            "main_route_table_id": "rtb-06fc3484bebe45c7a",
            "owner_id": "994114819961",
            "region": "ca-central-1",
            "tags": {
              "Name": "fortigate-training-vpc"
            },
            "tags_all": {
              "Name": "fortigate-training-vpc"
            }
          },
          "sensitive_attributes": [],
          "identity_schema_version": 0,
          "identity": {
            "account_id": "994114819961",
            "id": "vpc-0ec507ac135dd4b22",
            "region": "ca-central-1"
          },
          "private": "eyJzY2hlbWFfdmVyc2lvbiI6IjEifQ=="
        }
      ]
    },
    {
      "mode": "managed",
      "type": "awscc_ec2_network_interface",
      "name": "port1",
      "provider": "provider[\"registry.terraform.io/hashicorp/awscc\"]",
      "instances": [
        {
          "schema_version": 1,
          "attributes": {
            "connection_tracking_specification": null,
            "description": "",
            "enable_primary_ipv_6": null,
            "group_set": [
              "sg-0a1710efe81ca9ede"
            ],
            "id": "eni-03b51466049b386cc",
            "interface_type": "interface",
            "ipv_4_prefix_count": 0,
            "ipv_4_prefixes": null,
            "ipv_6_address_count": null,
            "ipv_6_addresses": null,
            "ipv_6_prefix_count": 0,
            "ipv_6_prefixes": null,
            "network_interface_id": "eni-03b51466049b386cc",
            "primary_ipv_6_address": "",
            "primary_private_ip_address": "10.20.1.10",
            "private_ip_address": "10.20.1.10",
            "private_ip_addresses": [
              {
                "primary": true,
                "private_ip_address": "10.20.1.10"
              }
            ],
            "public_ip_dns_hostname_type_specification": null,
            "public_ip_dns_name_options": {
              "dns_hostname_type": "",
              "public_dual_stack_dns_name": "",
              "public_ipv_4_dns_name": "",
              "public_ipv_6_dns_name": ""
            },
            "secondary_private_ip_address_count": 0,
            "secondary_private_ip_addresses": null,
            "source_dest_check": false,
            "subnet_id": "subnet-049e9c71be55a58d1",
            "tags": [
              {
                "key": "Name",
                "value": "fortigate-training-port1"
              }
            ],
            "vpc_id": "vpc-0ec507ac135dd4b22"
          },
          "sensitive_attributes": [],
          "identity_schema_version": 0,
          "identity": {
            "account_id": "994114819961",
            "id": "eni-03b51466049b386cc",
            "region": "ca-central-1"
          },
          "dependencies": [
            "aws_security_group.fortigate",
            "aws_subnet.public",
            "aws_vpc.lab"
          ]
        }
      ]
    },
    {
      "mode": "managed",
      "type": "awscc_ec2_network_interface",
      "name": "port2",
      "provider": "provider[\"registry.terraform.io/hashicorp/awscc\"]",
      "instances": [
        {
          "schema_version": 1,
          "attributes": {
            "connection_tracking_specification": null,
            "description": "",
            "enable_primary_ipv_6": null,
            "group_set": [
              "sg-03b9d9727e9847838"
            ],
            "id": "eni-0d0f1486a8af8c592",
            "interface_type": "interface",
            "ipv_4_prefix_count": 0,
            "ipv_4_prefixes": null,
            "ipv_6_address_count": null,
            "ipv_6_addresses": null,
            "ipv_6_prefix_count": 0,
            "ipv_6_prefixes": null,
            "network_interface_id": "eni-0d0f1486a8af8c592",
            "primary_ipv_6_address": "",
            "primary_private_ip_address": "10.20.2.10",
            "private_ip_address": "10.20.2.10",
            "private_ip_addresses": [
              {
                "primary": true,
                "private_ip_address": "10.20.2.10"
              }
            ],
            "public_ip_dns_hostname_type_specification": null,
            "public_ip_dns_name_options": {
              "dns_hostname_type": "",
              "public_dual_stack_dns_name": "",
              "public_ipv_4_dns_name": "",
              "public_ipv_6_dns_name": ""
            },
            "secondary_private_ip_address_count": 0,
            "secondary_private_ip_addresses": null,
            "source_dest_check": false,
            "subnet_id": "subnet-049532342548d1d44",
            "tags": [
              {
                "key": "Name",
                "value": "fortigate-training-port2"
              }
            ],
            "vpc_id": "vpc-0ec507ac135dd4b22"
          },
          "sensitive_attributes": [],
          "identity_schema_version": 0,
          "identity": {
            "account_id": "994114819961",
            "id": "eni-0d0f1486a8af8c592",
            "region": "ca-central-1"
          },
          "dependencies": [
            "aws_security_group.fortigate_internal",
            "aws_subnet.private",
            "aws_subnet.public",
            "aws_vpc.lab"
          ]
        }
      ]
    },
    {
      "mode": "managed",
      "type": "awscc_ec2_network_interface_attachment",
      "name": "port2",
      "provider": "provider[\"registry.terraform.io/hashicorp/awscc\"]",
      "instances": [
        {
          "schema_version": 1,
          "attributes": {
            "attachment_id": "eni-attach-06b012346b3722201",
            "delete_on_termination": true,
            "device_index": "1",
            "ena_queue_count": null,
            "ena_srd_specification": null,
            "id": "eni-attach-06b012346b3722201",
            "instance_id": "i-0d7aeac964c681d06",
            "network_interface_id": "eni-0d0f1486a8af8c592"
          },
          "sensitive_attributes": [],
          "identity_schema_version": 0,
          "identity": {
            "account_id": "994114819961",
            "attachment_id": "eni-attach-06b012346b3722201",
            "region": "ca-central-1"
          },
          "dependencies": [
            "aws_instance.fortigate",
            "aws_security_group.fortigate",
            "aws_security_group.fortigate_internal",
            "aws_subnet.private",
            "aws_subnet.public",
            "aws_vpc.lab",
            "awscc_ec2_network_interface.port1",
            "awscc_ec2_network_interface.port2",
            "data.aws_ami.fortigate_payg"
          ]
        }
      ]
    },
    {
      "mode": "managed",
      "type": "local_sensitive_file",
      "name": "windows_private_key",
      "provider": "provider[\"registry.terraform.io/hashicorp/local\"]",
      "instances": [
        {
          "schema_version": 0,
          "attributes": {
            "content": "-----BEGIN RSA PRIVATE KEY-----\nMIIJJwIBAAKCAgEAt5in4GhIj+6YmKJpewgdSzT/swDMAngz7vsJWhyp/py1+pEP\nJfqv8PxAIUiia5dE8c+OAEGwMsHscnuhGZ5XanBgecu6IXEC2OTPXVpNBBPYKDg1\nu1KrEfl/ttclMVKUdi7u0CS9pRv8oUUNiggkZuM9iHuu6XWAQWVtgSITmDHhwyWO\niDzCYQqDRbSOs0LJqFDu1M1E5egfs5vxH44pkbLwi9s/aN3UI+fYrhr8C7foZnCd\nYQbT8vQOz7AXe3vF57+BKv4kurvpNEDstrqLtE1hIP6m5wV5OebZiegb/uIqZQav\nie6tGaPnmeRC7Ht+KiUfzm9KAVr8J7wbVrP17J61mbDikxQZfVBrHd0scalYEkkl\nnItLrusCV+k3gC77BQGOwl7aj5KgieZIDvIlPN6JNuy+J5EJLelOdBfG2psNhgJ3\nX+ZEi8WViEwAU+RdHJK9EzmH1nF0nPBCdm/pdmX2iqEE6sEe7al3vdrFJgdzL3OF\nfM7lrQb3cme5agAjfDVKH5qmTLiAGmRpTkbYexzZuYuXBpsK57iGDUz90SDicK8+\n17PJfim6Haw1e6pIwursUCOyxnEQFJN+IIftQSrehq7tL0nbJfJskqcX4OHyTTNg\nEj61z03y7hvaaeeOp58UCBdc0hjwQlO81cmfNKy8PkXk9WOOvMuKtEZivEcCAwEA\nAQKCAgAVXt8Xp3veySKZDbqieBDU2r/yyaJ1nSFKbY0qoJCHEx25o130iUgmkG40\nkZxaUrrTPNomHH9SgTExKEPZ1A0P1jHcq4KodtuifIvIrYSud1LfZ5+VhOtlxbmA\ngm2RXq/qS88/ii9LA0V2Ti/jw8vc8BGPC/qRsTwzIIfNErbeLdw+F2aOZCgqHIuo\nNvqvUhRgE7+hJJ2i91CNWxcHmcgr7fzDAsvQPJX/cfLOXVS+VnNmTTB8hUtxicgZ\nk8E//enM7oUuCHQlCk98ZhxHrtIpNCKcsRejZ4czXrQuscZkdlYB+XPAZfhfNi10\nw9Woaj2G0Vhw8pJWMw2L4ID8KCl1ZWm8CLMIqQ1qPhk3w3oyb4vw3yZbRVy6zCFC\nCtuXIB3aXRhJYhc9z1xFIsJ3lTbbMJV5dTgwE5Gxq9gYQ6VxY83SkriAvyh8tjZj\nySviPiB6vbfaeWh73HpZRek/3WJuk8OFqriLNqbeFRBOrfLOQFArX6Dbt056qGad\ntgcON7rJZop9Xcw7bt1CjDHboOYPZd40Vd7auZmo/XgtpULV8FBRKN6HgIL4aNjV\nuSOBi5r4XI4yIoIwi4tPbHUfu+3uN4T+P+4oiiL55MHz+zcRbEsijCKMobxXTIzk\n7i0TgzyraH0a82XZ6DOvSmGrCZoBL5P1nhm+WpekJpkeq23h3QKCAQEA6naaj0w3\nJCCHTr9KqbIQXrw+PFR7nlbe44VsqM5oOvDJvf4gAAJj0FYOGBoLLppr0iAn5JYt\n16r6TgG3izQLjH2Vid1MBJ5CZwixI9Vd5En6qPiYoXD8Em3LxAntET0yPek3ODBC\nU63UU0woGe9VoqAOFNFiR5FEUgjaY6Ikz5IWS1FEG3XIzOf2Pfxm/KyeiA8VL74o\nauI0DLd9QerpfYdAsBQtUP2hGTxhHXlpCJ3L9jnhsttRyUICifttyKZXa1DwYZM8\nSz0gi/IKmzzMCcd8kRhb5TUDXnkDqu5RY5O96pFGq2bg3mPSnGf80eZgVmfrXpCG\nsmB3XSdYpuo7nQKCAQEAyHXqqa5XXt0UsfitpImaB8xSqak6+fGAc0aMcgFdfv02\nJeTzTPQg3ae1eXVMRwJazr3KzRr2MRynbpucoIRYDPYLd6SVIEdFPCZAqZAtBNUj\nSExZqiDYKFpediYwDLruuiDXo1lzWS/FDpxZhjFFSlmPFDrP5/RZcRWm6Tw6AVWc\nCFiaP+2+Qh46A9AohMIGf37PYMpmq+jJcjcPP49MiwjaWXuP9RQEREfBbKYAgZov\nxPEHNVk5XeXDhLOi/V8JYPHq58X1MxXSzaAb2TbtEMuIBXVo68Ba4Ya4DQTOH3d6\nCMrKZgLAWWK5PYQVafyf3a6jvmStGXJeqLhixOuMMwKCAQBXO19P1zxgvZV57+PY\ndP5wMLs6+PexNoLgxaBiwcC3xSRaArVnK3x1Y78EqpPkd+GLoRkWi+VsaxmLckoW\niXuOfp7nVyVURolQCkTVnym6qOeQfEVVM1MljCIWwtan5kvOCvnXduUGexMXFquI\n0qnawo/aoPhexiZUGyUdkpL9g022Ifsj+FOIIPlVoJW0hojI+EuaorYo5hYVcSMy\nJjNO18ZyfF9L1cFdQUCklapFYWgkKO7W+5BXP67wJVJ4J6M4szlsJDp3h7uXNatK\njHkhXk3zMcvm4C1rtbxumRJA6RPstLZFSRZ6x0rxlCLU+VB4dVt1qHHk5c0jJGNw\nXo9lAoIBAAJz/vUonwUYK4KqCmXzESF7TJ+q5H/ehrXibSGQBrbhHmKEVL3iVuyf\nescLum08CCRziiHMbKrZMOtXmCkWtYUjFazXJMQKWzyLM0tf6k0e1pmx5X8Be+Oy\nh2lmujvNpdI9SKZFF/ZFcWHmY+oSfEiWo/uZZKXwBZAutaYxCHyvsYMgonKZ1DQ2\n7nrRd014ml/BC4ShtXPxG1X8eoFKnaMt7o4dxvs2zX6QajuMJIFxg5gjYvUyLFOL\n1kKveBUlrpWzIC7J62A+qh++D9kupOQJuZZng2svJW2RGnt+TY9xBNtKsANjkTsG\nzEGGdkSfxM0PsA1KahvfnGzwJLVINKUCggEAS+vVpyhM6TNVoKRn/CMFx/KDdOnr\nodOaehkzQBGi60mEh2PqWm5M7zcAVbGvxWo9890ueIaE1qzcHRVlxZc1z2bJxsK5\nJSG7TANri37zL6bNboHevUstRxJzqvFFAS+IhmuXtykVxE6DZv6ljgpqDWNnEqxK\nLRBsImEAzUzFx5VCXxg3XYIiZBTtuJW9YRbXowALYm4xOn8ir/jz3coFjxztxrpF\n1a8l6FD6xUJUanUH8EhI+5VQx8cXjB0VhMQ1UXcvKX+UeQsmg8ugjPvBzu0bB+mZ\nKTDt6kflyhQbsfAW3EtPOp4wsZNmtdX+PdYWV43FyvYNDp6x1lMhyrUh1g==\n-----END RSA PRIVATE KEY-----\n",
            "content_base64": null,
            "content_base64sha256": "f8uIQz7iv1tpY7oUs4/mtNCQBNi3GRbdNpmrnprDUQA=",
            "content_base64sha512": "qMC+oHLl7s0KeSRF/TmWX3oI5XGNS/xMKMaN015oZveV5LwWOtEaz1aztKXeRwj8BE+neHFYoysrkgCAZ8ZcOQ==",
            "content_md5": "923587825d2c57a7dd552438a86cb562",
            "content_sha1": "e27b5b2c311ec09d6b6eb872641c7dab4bba8e8b",
            "content_sha256": "7fcb88433ee2bf5b6963ba14b38fe6b4d09004d8b71916dd3699ab9e9ac35100",
            "content_sha512": "a8c0bea072e5eecd0a792445fd39965f7a08e5718d4bfc4c28c68dd35e6866f795e4bc163ad11acf56b3b4a5de4708fc044fa7787158a32b2b92008067c65c39",
            "directory_permission": "0700",
            "file_permission": "0600",
            "filename": "./fortigate-training-windows.pem",
            "id": "e27b5b2c311ec09d6b6eb872641c7dab4bba8e8b",
            "source": null
          },
          "sensitive_attributes": [
            [
              {
                "type": "get_attr",
                "value": "content"
              }
            ],
            [
              {
                "type": "get_attr",
                "value": "content_base64"
              }
            ]
          ],
          "identity_schema_version": 0,
          "dependencies": [
            "tls_private_key.windows"
          ]
        }
      ]
    },
    {
      "mode": "managed",
      "type": "tls_private_key",
      "name": "windows",
      "provider": "provider[\"registry.terraform.io/hashicorp/tls\"]",
      "instances": [
        {
          "schema_version": 1,
          "attributes": {
            "algorithm": "RSA",
            "ecdsa_curve": "P224",
            "id": "c09bdecca64801b3347a0eaec4753fca68747918",
            "private_key_openssh": "-----BEGIN OPENSSH PRIVATE KEY-----\nb3BlbnNzaC1rZXktdjEAAAAABG5vbmUAAAAEbm9uZQAAAAAAAAABAAACFwAAAAdz\nc2gtcnNhAAAAAwEAAQAAAgEAt5in4GhIj+6YmKJpewgdSzT/swDMAngz7vsJWhyp\n/py1+pEPJfqv8PxAIUiia5dE8c+OAEGwMsHscnuhGZ5XanBgecu6IXEC2OTPXVpN\nBBPYKDg1u1KrEfl/ttclMVKUdi7u0CS9pRv8oUUNiggkZuM9iHuu6XWAQWVtgSIT\nmDHhwyWOiDzCYQqDRbSOs0LJqFDu1M1E5egfs5vxH44pkbLwi9s/aN3UI+fYrhr8\nC7foZnCdYQbT8vQOz7AXe3vF57+BKv4kurvpNEDstrqLtE1hIP6m5wV5OebZiegb\n/uIqZQavie6tGaPnmeRC7Ht+KiUfzm9KAVr8J7wbVrP17J61mbDikxQZfVBrHd0s\ncalYEkklnItLrusCV+k3gC77BQGOwl7aj5KgieZIDvIlPN6JNuy+J5EJLelOdBfG\n2psNhgJ3X+ZEi8WViEwAU+RdHJK9EzmH1nF0nPBCdm/pdmX2iqEE6sEe7al3vdrF\nJgdzL3OFfM7lrQb3cme5agAjfDVKH5qmTLiAGmRpTkbYexzZuYuXBpsK57iGDUz9\n0SDicK8+17PJfim6Haw1e6pIwursUCOyxnEQFJN+IIftQSrehq7tL0nbJfJskqcX\n4OHyTTNgEj61z03y7hvaaeeOp58UCBdc0hjwQlO81cmfNKy8PkXk9WOOvMuKtEZi\nvEcAAAc459Md9+fTHfcAAAAHc3NoLXJzYQAAAgEAt5in4GhIj+6YmKJpewgdSzT/\nswDMAngz7vsJWhyp/py1+pEPJfqv8PxAIUiia5dE8c+OAEGwMsHscnuhGZ5XanBg\necu6IXEC2OTPXVpNBBPYKDg1u1KrEfl/ttclMVKUdi7u0CS9pRv8oUUNiggkZuM9\niHuu6XWAQWVtgSITmDHhwyWOiDzCYQqDRbSOs0LJqFDu1M1E5egfs5vxH44pkbLw\ni9s/aN3UI+fYrhr8C7foZnCdYQbT8vQOz7AXe3vF57+BKv4kurvpNEDstrqLtE1h\nIP6m5wV5OebZiegb/uIqZQavie6tGaPnmeRC7Ht+KiUfzm9KAVr8J7wbVrP17J61\nmbDikxQZfVBrHd0scalYEkklnItLrusCV+k3gC77BQGOwl7aj5KgieZIDvIlPN6J\nNuy+J5EJLelOdBfG2psNhgJ3X+ZEi8WViEwAU+RdHJK9EzmH1nF0nPBCdm/pdmX2\niqEE6sEe7al3vdrFJgdzL3OFfM7lrQb3cme5agAjfDVKH5qmTLiAGmRpTkbYexzZ\nuYuXBpsK57iGDUz90SDicK8+17PJfim6Haw1e6pIwursUCOyxnEQFJN+IIftQSre\nhq7tL0nbJfJskqcX4OHyTTNgEj61z03y7hvaaeeOp58UCBdc0hjwQlO81cmfNKy8\nPkXk9WOOvMuKtEZivEcAAAADAQABAAACABVe3xene97JIpkNuqJ4ENTav/LJonWd\nIUptjSqgkIcTHbmjXfSJSCaQbjSRnFpSutM82iYcf1KBMTEoQ9nUDQ/WMdyrgqh2\n26J8i8ithK53Ut9nn5WE62XFuYCCbZFer+pLzz+KL0sDRXZOL+PDy9zwEY8L+pGx\nPDMgh80Stt4t3D4XZo5kKCoci6g2+q9SFGATv6EknaL3UI1bFweZyCvt/MMCy9A8\nlf9x8s5dVL5Wc2ZNMHyFS3GJyBmTwT/96czuhS4IdCUKT3xmHEeu0ik0IpyxF6Nn\nhzNetC6xxmR2VgH5c8Bl+F82LXTD1ahqPYbRWHDyklYzDYvggPwoKXVlabwIswip\nDWo+GTfDejJvi/DfJltFXLrMIUIK25cgHdpdGEliFz3PXEUiwneVNtswlXl1ODAT\nkbGr2BhDpXFjzdKSuIC/KHy2NmPJK+I+IHq9t9p5aHvcellF6T/dYm6Tw4WquIs2\npt4VEE6t8s5AUCtfoNu3TnqoZp22Bw43uslmin1dzDtu3UKMMdug5g9l3jRV3tq5\nmaj9eC2lQtXwUFEo3oeAgvho2NW5I4GLmvhcjjIigjCLi09sdR+77e43hP4/7iiK\nIvnkwfP7NxFsSyKMIoyhvFdMjOTuLRODPKtofRrzZdnoM69KYasJmgEvk/WeGb5a\nl6QmmR6rbeHdAAABAEvr1acoTOkzVaCkZ/wjBcfyg3Tp66HTmnoZM0ARoutJhIdj\n6lpuTO83AFWxr8VqPfPdLniGhNas3B0VZcWXNc9mycbCuSUhu0wDa4t+8y+mzW6B\n3r1LLUcSc6rxRQEviIZrl7cpFcROg2b+pY4Kag1jZxKsSi0QbCJhAM1MxceVQl8Y\nN12CImQU7biVvWEW16MAC2JuMTp/Iq/4893KBY8c7ca6RdWvJehQ+sVCVGp1B/BI\nSPuVUMfHF4wdFYTENVF3Lyl/lHkLJoPLoIz7wc7tGwfpmSkw7epH5coUG7HwFtxL\nTzqeMLGTZrXV/j3WFleNxcr2DQ6esdZTIcq1IdYAAAEBAOp2mo9MNyQgh06/Sqmy\nEF68PjxUe55W3uOFbKjOaDrwyb3+IAACY9BWDhgaCy6aa9IgJ+SWLdeq+k4Bt4s0\nC4x9lYndTASeQmcIsSPVXeRJ+qj4mKFw/BJty8QJ7RE9Mj3pNzgwQlOt1FNMKBnv\nVaKgDhTRYkeRRFII2mOiJM+SFktRRBt1yMzn9j38ZvysnogPFS++KGriNAy3fUHq\n6X2HQLAULVD9oRk8YR15aQidy/Y54bLbUclCAon7bcimV2tQ8GGTPEs9IIvyCps8\nzAnHfJEYW+U1A155A6ruUWOTveqRRqtm4N5j0pxn/NHmYFZn616QhrJgd10nWKbq\nO50AAAEBAMh16qmuV17dFLH4raSJmgfMUqmpOvnxgHNGjHIBXX79NiXk80z0IN2n\ntXl1TEcCWs69ys0a9jEcp26bnKCEWAz2C3eklSBHRTwmQKmQLQTVI0hMWaog2Cha\nXnYmMAy67rog16NZc1kvxQ6cWYYxRUpZjxQ6z+f0WXEVpuk8OgFVnAhYmj/tvkIe\nOgPQKITCBn9+z2DKZqvoyXI3Dz+PTIsI2ll7j/UUBERHwWymAIGaL8TxBzVZOV3l\nw4Szov1fCWDx6ufF9TMV0s2gG9k27RDLiAV1aOvAWuGGuA0Ezh93egjKymYCwFli\nuT2EFWn8n92uo75krRlyXqi4YsTrjDMAAAAAAQID\n-----END OPENSSH PRIVATE KEY-----\n",
            "private_key_pem": "-----BEGIN RSA PRIVATE KEY-----\nMIIJJwIBAAKCAgEAt5in4GhIj+6YmKJpewgdSzT/swDMAngz7vsJWhyp/py1+pEP\nJfqv8PxAIUiia5dE8c+OAEGwMsHscnuhGZ5XanBgecu6IXEC2OTPXVpNBBPYKDg1\nu1KrEfl/ttclMVKUdi7u0CS9pRv8oUUNiggkZuM9iHuu6XWAQWVtgSITmDHhwyWO\niDzCYQqDRbSOs0LJqFDu1M1E5egfs5vxH44pkbLwi9s/aN3UI+fYrhr8C7foZnCd\nYQbT8vQOz7AXe3vF57+BKv4kurvpNEDstrqLtE1hIP6m5wV5OebZiegb/uIqZQav\nie6tGaPnmeRC7Ht+KiUfzm9KAVr8J7wbVrP17J61mbDikxQZfVBrHd0scalYEkkl\nnItLrusCV+k3gC77BQGOwl7aj5KgieZIDvIlPN6JNuy+J5EJLelOdBfG2psNhgJ3\nX+ZEi8WViEwAU+RdHJK9EzmH1nF0nPBCdm/pdmX2iqEE6sEe7al3vdrFJgdzL3OF\nfM7lrQb3cme5agAjfDVKH5qmTLiAGmRpTkbYexzZuYuXBpsK57iGDUz90SDicK8+\n17PJfim6Haw1e6pIwursUCOyxnEQFJN+IIftQSrehq7tL0nbJfJskqcX4OHyTTNg\nEj61z03y7hvaaeeOp58UCBdc0hjwQlO81cmfNKy8PkXk9WOOvMuKtEZivEcCAwEA\nAQKCAgAVXt8Xp3veySKZDbqieBDU2r/yyaJ1nSFKbY0qoJCHEx25o130iUgmkG40\nkZxaUrrTPNomHH9SgTExKEPZ1A0P1jHcq4KodtuifIvIrYSud1LfZ5+VhOtlxbmA\ngm2RXq/qS88/ii9LA0V2Ti/jw8vc8BGPC/qRsTwzIIfNErbeLdw+F2aOZCgqHIuo\nNvqvUhRgE7+hJJ2i91CNWxcHmcgr7fzDAsvQPJX/cfLOXVS+VnNmTTB8hUtxicgZ\nk8E//enM7oUuCHQlCk98ZhxHrtIpNCKcsRejZ4czXrQuscZkdlYB+XPAZfhfNi10\nw9Woaj2G0Vhw8pJWMw2L4ID8KCl1ZWm8CLMIqQ1qPhk3w3oyb4vw3yZbRVy6zCFC\nCtuXIB3aXRhJYhc9z1xFIsJ3lTbbMJV5dTgwE5Gxq9gYQ6VxY83SkriAvyh8tjZj\nySviPiB6vbfaeWh73HpZRek/3WJuk8OFqriLNqbeFRBOrfLOQFArX6Dbt056qGad\ntgcON7rJZop9Xcw7bt1CjDHboOYPZd40Vd7auZmo/XgtpULV8FBRKN6HgIL4aNjV\nuSOBi5r4XI4yIoIwi4tPbHUfu+3uN4T+P+4oiiL55MHz+zcRbEsijCKMobxXTIzk\n7i0TgzyraH0a82XZ6DOvSmGrCZoBL5P1nhm+WpekJpkeq23h3QKCAQEA6naaj0w3\nJCCHTr9KqbIQXrw+PFR7nlbe44VsqM5oOvDJvf4gAAJj0FYOGBoLLppr0iAn5JYt\n16r6TgG3izQLjH2Vid1MBJ5CZwixI9Vd5En6qPiYoXD8Em3LxAntET0yPek3ODBC\nU63UU0woGe9VoqAOFNFiR5FEUgjaY6Ikz5IWS1FEG3XIzOf2Pfxm/KyeiA8VL74o\nauI0DLd9QerpfYdAsBQtUP2hGTxhHXlpCJ3L9jnhsttRyUICifttyKZXa1DwYZM8\nSz0gi/IKmzzMCcd8kRhb5TUDXnkDqu5RY5O96pFGq2bg3mPSnGf80eZgVmfrXpCG\nsmB3XSdYpuo7nQKCAQEAyHXqqa5XXt0UsfitpImaB8xSqak6+fGAc0aMcgFdfv02\nJeTzTPQg3ae1eXVMRwJazr3KzRr2MRynbpucoIRYDPYLd6SVIEdFPCZAqZAtBNUj\nSExZqiDYKFpediYwDLruuiDXo1lzWS/FDpxZhjFFSlmPFDrP5/RZcRWm6Tw6AVWc\nCFiaP+2+Qh46A9AohMIGf37PYMpmq+jJcjcPP49MiwjaWXuP9RQEREfBbKYAgZov\nxPEHNVk5XeXDhLOi/V8JYPHq58X1MxXSzaAb2TbtEMuIBXVo68Ba4Ya4DQTOH3d6\nCMrKZgLAWWK5PYQVafyf3a6jvmStGXJeqLhixOuMMwKCAQBXO19P1zxgvZV57+PY\ndP5wMLs6+PexNoLgxaBiwcC3xSRaArVnK3x1Y78EqpPkd+GLoRkWi+VsaxmLckoW\niXuOfp7nVyVURolQCkTVnym6qOeQfEVVM1MljCIWwtan5kvOCvnXduUGexMXFquI\n0qnawo/aoPhexiZUGyUdkpL9g022Ifsj+FOIIPlVoJW0hojI+EuaorYo5hYVcSMy\nJjNO18ZyfF9L1cFdQUCklapFYWgkKO7W+5BXP67wJVJ4J6M4szlsJDp3h7uXNatK\njHkhXk3zMcvm4C1rtbxumRJA6RPstLZFSRZ6x0rxlCLU+VB4dVt1qHHk5c0jJGNw\nXo9lAoIBAAJz/vUonwUYK4KqCmXzESF7TJ+q5H/ehrXibSGQBrbhHmKEVL3iVuyf\nescLum08CCRziiHMbKrZMOtXmCkWtYUjFazXJMQKWzyLM0tf6k0e1pmx5X8Be+Oy\nh2lmujvNpdI9SKZFF/ZFcWHmY+oSfEiWo/uZZKXwBZAutaYxCHyvsYMgonKZ1DQ2\n7nrRd014ml/BC4ShtXPxG1X8eoFKnaMt7o4dxvs2zX6QajuMJIFxg5gjYvUyLFOL\n1kKveBUlrpWzIC7J62A+qh++D9kupOQJuZZng2svJW2RGnt+TY9xBNtKsANjkTsG\nzEGGdkSfxM0PsA1KahvfnGzwJLVINKUCggEAS+vVpyhM6TNVoKRn/CMFx/KDdOnr\nodOaehkzQBGi60mEh2PqWm5M7zcAVbGvxWo9890ueIaE1qzcHRVlxZc1z2bJxsK5\nJSG7TANri37zL6bNboHevUstRxJzqvFFAS+IhmuXtykVxE6DZv6ljgpqDWNnEqxK\nLRBsImEAzUzFx5VCXxg3XYIiZBTtuJW9YRbXowALYm4xOn8ir/jz3coFjxztxrpF\n1a8l6FD6xUJUanUH8EhI+5VQx8cXjB0VhMQ1UXcvKX+UeQsmg8ugjPvBzu0bB+mZ\nKTDt6kflyhQbsfAW3EtPOp4wsZNmtdX+PdYWV43FyvYNDp6x1lMhyrUh1g==\n-----END RSA PRIVATE KEY-----\n",
            "private_key_pem_pkcs8": "-----BEGIN PRIVATE KEY-----\nMIIJQQIBADANBgkqhkiG9w0BAQEFAASCCSswggknAgEAAoICAQC3mKfgaEiP7piY\noml7CB1LNP+zAMwCeDPu+wlaHKn+nLX6kQ8l+q/w/EAhSKJrl0Txz44AQbAywexy\ne6EZnldqcGB5y7ohcQLY5M9dWk0EE9goODW7UqsR+X+21yUxUpR2Lu7QJL2lG/yh\nRQ2KCCRm4z2Ie67pdYBBZW2BIhOYMeHDJY6IPMJhCoNFtI6zQsmoUO7UzUTl6B+z\nm/EfjimRsvCL2z9o3dQj59iuGvwLt+hmcJ1hBtPy9A7PsBd7e8Xnv4Eq/iS6u+k0\nQOy2uou0TWEg/qbnBXk55tmJ6Bv+4iplBq+J7q0Zo+eZ5ELse34qJR/Ob0oBWvwn\nvBtWs/XsnrWZsOKTFBl9UGsd3SxxqVgSSSWci0uu6wJX6TeALvsFAY7CXtqPkqCJ\n5kgO8iU83ok27L4nkQkt6U50F8bamw2GAndf5kSLxZWITABT5F0ckr0TOYfWcXSc\n8EJ2b+l2ZfaKoQTqwR7tqXe92sUmB3Mvc4V8zuWtBvdyZ7lqACN8NUofmqZMuIAa\nZGlORth7HNm5i5cGmwrnuIYNTP3RIOJwrz7Xs8l+KbodrDV7qkjC6uxQI7LGcRAU\nk34gh+1BKt6Gru0vSdsl8mySpxfg4fJNM2ASPrXPTfLuG9pp546nnxQIF1zSGPBC\nU7zVyZ80rLw+ReT1Y468y4q0RmK8RwIDAQABAoICABVe3xene97JIpkNuqJ4ENTa\nv/LJonWdIUptjSqgkIcTHbmjXfSJSCaQbjSRnFpSutM82iYcf1KBMTEoQ9nUDQ/W\nMdyrgqh226J8i8ithK53Ut9nn5WE62XFuYCCbZFer+pLzz+KL0sDRXZOL+PDy9zw\nEY8L+pGxPDMgh80Stt4t3D4XZo5kKCoci6g2+q9SFGATv6EknaL3UI1bFweZyCvt\n/MMCy9A8lf9x8s5dVL5Wc2ZNMHyFS3GJyBmTwT/96czuhS4IdCUKT3xmHEeu0ik0\nIpyxF6NnhzNetC6xxmR2VgH5c8Bl+F82LXTD1ahqPYbRWHDyklYzDYvggPwoKXVl\nabwIswipDWo+GTfDejJvi/DfJltFXLrMIUIK25cgHdpdGEliFz3PXEUiwneVNtsw\nlXl1ODATkbGr2BhDpXFjzdKSuIC/KHy2NmPJK+I+IHq9t9p5aHvcellF6T/dYm6T\nw4WquIs2pt4VEE6t8s5AUCtfoNu3TnqoZp22Bw43uslmin1dzDtu3UKMMdug5g9l\n3jRV3tq5maj9eC2lQtXwUFEo3oeAgvho2NW5I4GLmvhcjjIigjCLi09sdR+77e43\nhP4/7iiKIvnkwfP7NxFsSyKMIoyhvFdMjOTuLRODPKtofRrzZdnoM69KYasJmgEv\nk/WeGb5al6QmmR6rbeHdAoIBAQDqdpqPTDckIIdOv0qpshBevD48VHueVt7jhWyo\nzmg68Mm9/iAAAmPQVg4YGgsummvSICfkli3XqvpOAbeLNAuMfZWJ3UwEnkJnCLEj\n1V3kSfqo+JihcPwSbcvECe0RPTI96Tc4MEJTrdRTTCgZ71WioA4U0WJHkURSCNpj\noiTPkhZLUUQbdcjM5/Y9/Gb8rJ6IDxUvvihq4jQMt31B6ul9h0CwFC1Q/aEZPGEd\neWkIncv2OeGy21HJQgKJ+23IpldrUPBhkzxLPSCL8gqbPMwJx3yRGFvlNQNeeQOq\n7lFjk73qkUarZuDeY9KcZ/zR5mBWZ+tekIayYHddJ1im6judAoIBAQDIdeqprlde\n3RSx+K2kiZoHzFKpqTr58YBzRoxyAV1+/TYl5PNM9CDdp7V5dUxHAlrOvcrNGvYx\nHKdum5yghFgM9gt3pJUgR0U8JkCpkC0E1SNITFmqINgoWl52JjAMuu66INejWXNZ\nL8UOnFmGMUVKWY8UOs/n9FlxFabpPDoBVZwIWJo/7b5CHjoD0CiEwgZ/fs9gymar\n6MlyNw8/j0yLCNpZe4/1FARER8FspgCBmi/E8Qc1WTld5cOEs6L9Xwlg8ernxfUz\nFdLNoBvZNu0Qy4gFdWjrwFrhhrgNBM4fd3oIyspmAsBZYrk9hBVp/J/drqO+ZK0Z\ncl6ouGLE64wzAoIBAFc7X0/XPGC9lXnv49h0/nAwuzr497E2guDFoGLBwLfFJFoC\ntWcrfHVjvwSqk+R34YuhGRaL5WxrGYtyShaJe45+nudXJVRGiVAKRNWfKbqo55B8\nRVUzUyWMIhbC1qfmS84K+dd25QZ7ExcWq4jSqdrCj9qg+F7GJlQbJR2Skv2DTbYh\n+yP4U4gg+VWglbSGiMj4S5qitijmFhVxIzImM07XxnJ8X0vVwV1BQKSVqkVhaCQo\n7tb7kFc/rvAlUngnozizOWwkOneHu5c1q0qMeSFeTfMxy+bgLWu1vG6ZEkDpE+y0\ntkVJFnrHSvGUItT5UHh1W3WoceTlzSMkY3Bej2UCggEAAnP+9SifBRgrgqoKZfMR\nIXtMn6rkf96GteJtIZAGtuEeYoRUveJW7J96xwu6bTwIJHOKIcxsqtkw61eYKRa1\nhSMVrNckxApbPIszS1/qTR7WmbHlfwF747KHaWa6O82l0j1IpkUX9kVxYeZj6hJ8\nSJaj+5lkpfAFkC61pjEIfK+xgyCicpnUNDbuetF3TXiaX8ELhKG1c/EbVfx6gUqd\noy3ujh3G+zbNfpBqO4wkgXGDmCNi9TIsU4vWQq94FSWulbMgLsnrYD6qH74P2S6k\n5Am5lmeDay8lbZEae35Nj3EE20qwA2OROwbMQYZ2RJ/EzQ+wDUpqG9+cbPAktUg0\npQKCAQBL69WnKEzpM1WgpGf8IwXH8oN06euh05p6GTNAEaLrSYSHY+pabkzvNwBV\nsa/Faj3z3S54hoTWrNwdFWXFlzXPZsnGwrklIbtMA2uLfvMvps1ugd69Sy1HEnOq\n8UUBL4iGa5e3KRXEToNm/qWOCmoNY2cSrEotEGwiYQDNTMXHlUJfGDddgiJkFO24\nlb1hFtejAAtibjE6fyKv+PPdygWPHO3GukXVryXoUPrFQlRqdQfwSEj7lVDHxxeM\nHRWExDVRdy8pf5R5CyaDy6CM+8HO7RsH6ZkpMO3qR+XKFBux8BbcS086njCxk2a1\n1f491hZXjcXK9g0OnrHWUyHKtSHW\n-----END PRIVATE KEY-----\n",
            "public_key_fingerprint_md5": "c8:bd:3d:6c:bb:5c:12:38:6b:4b:89:e3:71:06:02:79",
            "public_key_fingerprint_sha256": "SHA256:5ujGn6Q+D5t5egeTCmMCpY4LteODqFcZeUhPfQRIshk",
            "public_key_openssh": "ssh-rsa AAAAB3NzaC1yc2EAAAADAQABAAACAQC3mKfgaEiP7piYoml7CB1LNP+zAMwCeDPu+wlaHKn+nLX6kQ8l+q/w/EAhSKJrl0Txz44AQbAywexye6EZnldqcGB5y7ohcQLY5M9dWk0EE9goODW7UqsR+X+21yUxUpR2Lu7QJL2lG/yhRQ2KCCRm4z2Ie67pdYBBZW2BIhOYMeHDJY6IPMJhCoNFtI6zQsmoUO7UzUTl6B+zm/EfjimRsvCL2z9o3dQj59iuGvwLt+hmcJ1hBtPy9A7PsBd7e8Xnv4Eq/iS6u+k0QOy2uou0TWEg/qbnBXk55tmJ6Bv+4iplBq+J7q0Zo+eZ5ELse34qJR/Ob0oBWvwnvBtWs/XsnrWZsOKTFBl9UGsd3SxxqVgSSSWci0uu6wJX6TeALvsFAY7CXtqPkqCJ5kgO8iU83ok27L4nkQkt6U50F8bamw2GAndf5kSLxZWITABT5F0ckr0TOYfWcXSc8EJ2b+l2ZfaKoQTqwR7tqXe92sUmB3Mvc4V8zuWtBvdyZ7lqACN8NUofmqZMuIAaZGlORth7HNm5i5cGmwrnuIYNTP3RIOJwrz7Xs8l+KbodrDV7qkjC6uxQI7LGcRAUk34gh+1BKt6Gru0vSdsl8mySpxfg4fJNM2ASPrXPTfLuG9pp546nnxQIF1zSGPBCU7zVyZ80rLw+ReT1Y468y4q0RmK8Rw==\n",
            "public_key_pem": "-----BEGIN PUBLIC KEY-----\nMIICIjANBgkqhkiG9w0BAQEFAAOCAg8AMIICCgKCAgEAt5in4GhIj+6YmKJpewgd\nSzT/swDMAngz7vsJWhyp/py1+pEPJfqv8PxAIUiia5dE8c+OAEGwMsHscnuhGZ5X\nanBgecu6IXEC2OTPXVpNBBPYKDg1u1KrEfl/ttclMVKUdi7u0CS9pRv8oUUNiggk\nZuM9iHuu6XWAQWVtgSITmDHhwyWOiDzCYQqDRbSOs0LJqFDu1M1E5egfs5vxH44p\nkbLwi9s/aN3UI+fYrhr8C7foZnCdYQbT8vQOz7AXe3vF57+BKv4kurvpNEDstrqL\ntE1hIP6m5wV5OebZiegb/uIqZQavie6tGaPnmeRC7Ht+KiUfzm9KAVr8J7wbVrP1\n7J61mbDikxQZfVBrHd0scalYEkklnItLrusCV+k3gC77BQGOwl7aj5KgieZIDvIl\nPN6JNuy+J5EJLelOdBfG2psNhgJ3X+ZEi8WViEwAU+RdHJK9EzmH1nF0nPBCdm/p\ndmX2iqEE6sEe7al3vdrFJgdzL3OFfM7lrQb3cme5agAjfDVKH5qmTLiAGmRpTkbY\nexzZuYuXBpsK57iGDUz90SDicK8+17PJfim6Haw1e6pIwursUCOyxnEQFJN+IIft\nQSrehq7tL0nbJfJskqcX4OHyTTNgEj61z03y7hvaaeeOp58UCBdc0hjwQlO81cmf\nNKy8PkXk9WOOvMuKtEZivEcCAwEAAQ==\n-----END PUBLIC KEY-----\n",
            "rsa_bits": 4096
          },
          "sensitive_attributes": [
            [
              {
                "type": "get_attr",
                "value": "private_key_openssh"
              }
            ],
            [
              {
                "type": "get_attr",
                "value": "private_key_pem"
              }
            ],
            [
              {
                "type": "get_attr",
                "value": "private_key_pem_pkcs8"
              }
            ]
          ],
          "identity_schema_version": 0
        }
      ]
    }
  ],
  "check_results": [
    {
      "object_kind": "var",
      "config_addr": "var.admin_cidr",
      "status": "pass",
      "objects": [
        {
          "object_addr": "var.admin_cidr",
          "status": "pass"
        }
      ]
    }
  ]
}
